
Microsoft Visual Studio Solution File, Format Version 12.00
# Visual Studio Version 16
VisualStudioVersion = 16.0.29613.14
MinimumVisualStudioVersion = 10.0.40219.1
Project("{FAE04EC0-301F-11D3-BF4B-00C04F79EFBC}") = "ResearchBot", "ResearchBot.csproj", "{AF331CD3-CE43-409A-B7D2-856E1AC81148}"
EndProject
Global
	GlobalSection(SolutionConfigurationPlatforms) = preSolution
		Debug|Any CPU = Debug|Any CPU
		Release|Any CPU = Release|Any CPU
	EndGlobalSection
	GlobalSection(ProjectConfigurationPlatforms) = postSolution
		{AF331CD3-CE43-409A-B7D2-856E1AC81148}.Debug|Any CPU.ActiveCfg = Debug|Any CPU
		{AF331CD3-CE43-409A-B7D2-856E1AC81148}.Debug|Any CPU.Build.0 = Debug|Any CPU
		{AF331CD3-CE43-409A-B7D2-856E1AC81148}.Release|Any CPU.ActiveCfg = Release|Any CPU
		{AF331CD3-CE43-409A-B7D2-856E1AC81148}.Release|Any CPU.Build.0 = Release|Any CPU
	EndGlobalSection
	GlobalSection(SolutionProperties) = preSolution
		HideSolutionNode = FALSE
	EndGlobalSection
	GlobalSection(ExtensibilityGlobals) = postSolution
		SolutionGuid = {87CF69C4-EC9A-40AD-B2DA-FD7F483E234B}
	EndGlobalSection
EndGlobal
